#MicroXplorer Configuration settings - do not modify
ADC1.Channel-0\#ChannelRegularConversion=ADC_CHANNEL_10
ADC1.Channel-1\#ChannelRegularConversion=ADC_CHANNEL_11
ADC1.Channel-2\#ChannelRegularConversion=ADC_CHANNEL_9
ADC1.ConversionDataManagement=ADC_CONVERSIONDATA_DMA_CIRCULAR
ADC1.ExternalTrigConv=ADC_EXTERNALTRIG_T15_TRGO
ADC1.IPParameters=Rank-0\#ChannelRegularConversion,Channel-0\#ChannelRegularConversion,SamplingTime-0\#ChannelRegularConversion,OffsetNumber-0\#ChannelRegularConversion,OffsetSignedSaturation-0\#ChannelRegularConversion,NbrOfConversionFlag,Overrun,Rank-1\#ChannelRegularConversion,Channel-1\#ChannelRegularConversion,SamplingTime-1\#ChannelRegularConversion,OffsetNumber-1\#ChannelRegularConversion,OffsetSignedSaturation-1\#ChannelRegularConversion,NbrOfConversion,ExternalTrigConv,ConversionDataManagement,master,Rank-2\#ChannelRegularConversion,Channel-2\#ChannelRegularConversion,SamplingTime-2\#ChannelRegularConversion,OffsetNumber-2\#ChannelRegularConversion,OffsetSignedSaturation-2\#ChannelRegularConversion
ADC1.NbrOfConversion=3
ADC1.NbrOfConversionFlag=1
ADC1.OffsetNumber-0\#ChannelRegularConversion=ADC_OFFSET_NONE
ADC1.OffsetNumber-1\#ChannelRegularConversion=ADC_OFFSET_NONE
ADC1.OffsetNumber-2\#ChannelRegularConversion=ADC_OFFSET_NONE
ADC1.OffsetSignedSaturation-0\#ChannelRegularConversion=DISABLE
ADC1.OffsetSignedSaturation-1\#ChannelRegularConversion=DISABLE
ADC1.OffsetSignedSaturation-2\#ChannelRegularConversion=DISABLE
ADC1.Overrun=ADC_OVR_DATA_OVERWRITTEN
ADC1.Rank-0\#ChannelRegularConversion=1
ADC1.Rank-1\#ChannelRegularConversion=2
ADC1.Rank-2\#ChannelRegularConversion=3
ADC1.SamplingTime-0\#ChannelRegularConversion=ADC_SAMPLETIME_810CYCLES_5
ADC1.SamplingTime-1\#ChannelRegularConversion=ADC_SAMPLETIME_810CYCLES_5
ADC1.SamplingTime-2\#ChannelRegularConversion=ADC_SAMPLETIME_810CYCLES_5
ADC1.master=1
CAD.formats=
CAD.pinconfig=
CAD.provider=
CORTEX_M7.AccessPermission-Cortex_Memory_Protection_Unit_Region0_Settings=MPU_REGION_FULL_ACCESS
CORTEX_M7.BaseAddress-Cortex_Memory_Protection_Unit_Region0_Settings=0x24000000
CORTEX_M7.CPU_DCache=Enabled
CORTEX_M7.CPU_ICache=Enabled
CORTEX_M7.Enable-Cortex_Memory_Protection_Unit_Region0_Settings=MPU_REGION_ENABLE
CORTEX_M7.IPParameters=default_mode_Activation,CPU_ICache,CPU_DCache,MPU_Control,Enable-Cortex_Memory_Protection_Unit_Region0_Settings,BaseAddress-Cortex_Memory_Protection_Unit_Region0_Settings,Size-Cortex_Memory_Protection_Unit_Region0_Settings,AccessPermission-Cortex_Memory_Protection_Unit_Region0_Settings,IsCacheable-Cortex_Memory_Protection_Unit_Region0_Settings,IsBufferable-Cortex_Memory_Protection_Unit_Region0_Settings
CORTEX_M7.IsBufferable-Cortex_Memory_Protection_Unit_Region0_Settings=MPU_ACCESS_BUFFERABLE
CORTEX_M7.IsCacheable-Cortex_Memory_Protection_Unit_Region0_Settings=MPU_ACCESS_CACHEABLE
CORTEX_M7.MPU_Control=MPU_PRIVILEGED_DEFAULT
CORTEX_M7.Size-Cortex_Memory_Protection_Unit_Region0_Settings=MPU_REGION_SIZE_512KB
CORTEX_M7.default_mode_Activation=0
Dma.ADC1.0.Direction=DMA_PERIPH_TO_MEMORY
Dma.ADC1.0.EventEnable=DISABLE
Dma.ADC1.0.FIFOMode=DMA_FIFOMODE_DISABLE
Dma.ADC1.0.Instance=DMA1_Stream1
Dma.ADC1.0.MemDataAlignment=DMA_MDATAALIGN_HALFWORD
Dma.ADC1.0.MemInc=DMA_MINC_ENABLE
Dma.ADC1.0.Mode=DMA_CIRCULAR
Dma.ADC1.0.PeriphDataAlignment=DMA_PDATAALIGN_HALFWORD
Dma.ADC1.0.PeriphInc=DMA_PINC_DISABLE
Dma.ADC1.0.Polarity=HAL_DMAMUX_REQ_GEN_RISING
Dma.ADC1.0.Priority=DMA_PRIORITY_HIGH
Dma.ADC1.0.RequestNumber=1
Dma.ADC1.0.RequestParameters=Instance,Direction,PeriphInc,MemInc,PeriphDataAlignment,MemDataAlignment,Mode,Priority,FIFOMode,SignalID,Polarity,RequestNumber,SyncSignalID,SyncPolarity,SyncEnable,EventEnable,SyncRequestNumber
Dma.ADC1.0.SignalID=NONE
Dma.ADC1.0.SyncEnable=DISABLE
Dma.ADC1.0.SyncPolarity=HAL_DMAMUX_SYNC_NO_EVENT
Dma.ADC1.0.SyncRequestNumber=1
Dma.ADC1.0.SyncSignalID=NONE
Dma.Request0=ADC1
Dma.Request1=USART1_RX
Dma.Request2=USART1_TX
Dma.Request3=USART2_RX
Dma.Request4=USART2_TX
Dma.Request5=UART4_RX
Dma.Request6=USART3_RX
Dma.Request7=USART3_TX
Dma.RequestsNb=8
Dma.UART4_RX.5.Direction=DMA_PERIPH_TO_MEMORY
Dma.UART4_RX.5.EventEnable=DISABLE
Dma.UART4_RX.5.FIFOMode=DMA_FIFOMODE_DISABLE
Dma.UART4_RX.5.Instance=DMA1_Stream5
Dma.UART4_RX.5.MemDataAlignment=DMA_MDATAALIGN_BYTE
Dma.UART4_RX.5.MemInc=DMA_MINC_ENABLE
Dma.UART4_RX.5.Mode=DMA_NORMAL
Dma.UART4_RX.5.PeriphDataAlignment=DMA_PDATAALIGN_BYTE
Dma.UART4_RX.5.PeriphInc=DMA_PINC_DISABLE
Dma.UART4_RX.5.Polarity=HAL_DMAMUX_REQ_GEN_RISING
Dma.UART4_RX.5.Priority=DMA_PRIORITY_HIGH
Dma.UART4_RX.5.RequestNumber=1
Dma.UART4_RX.5.RequestParameters=Instance,Direction,PeriphInc,MemInc,PeriphDataAlignment,MemDataAlignment,Mode,Priority,FIFOMode,SignalID,Polarity,RequestNumber,SyncSignalID,SyncPolarity,SyncEnable,EventEnable,SyncRequestNumber
Dma.UART4_RX.5.SignalID=NONE
Dma.UART4_RX.5.SyncEnable=DISABLE
Dma.UART4_RX.5.SyncPolarity=HAL_DMAMUX_SYNC_NO_EVENT
Dma.UART4_RX.5.SyncRequestNumber=1
Dma.UART4_RX.5.SyncSignalID=NONE
Dma.USART1_RX.1.Direction=DMA_PERIPH_TO_MEMORY
Dma.USART1_RX.1.EventEnable=DISABLE
Dma.USART1_RX.1.FIFOMode=DMA_FIFOMODE_DISABLE
Dma.USART1_RX.1.Instance=DMA1_Stream0
Dma.USART1_RX.1.MemDataAlignment=DMA_MDATAALIGN_BYTE
Dma.USART1_RX.1.MemInc=DMA_MINC_ENABLE
Dma.USART1_RX.1.Mode=DMA_NORMAL
Dma.USART1_RX.1.PeriphDataAlignment=DMA_PDATAALIGN_BYTE
Dma.USART1_RX.1.PeriphInc=DMA_PINC_DISABLE
Dma.USART1_RX.1.Polarity=HAL_DMAMUX_REQ_GEN_RISING
Dma.USART1_RX.1.Priority=DMA_PRIORITY_LOW
Dma.USART1_RX.1.RequestNumber=1
Dma.USART1_RX.1.RequestParameters=Instance,Direction,PeriphInc,MemInc,PeriphDataAlignment,MemDataAlignment,Mode,Priority,FIFOMode,SignalID,Polarity,RequestNumber,SyncSignalID,SyncPolarity,SyncEnable,EventEnable,SyncRequestNumber
Dma.USART1_RX.1.SignalID=NONE
Dma.USART1_RX.1.SyncEnable=DISABLE
Dma.USART1_RX.1.SyncPolarity=HAL_DMAMUX_SYNC_NO_EVENT
Dma.USART1_RX.1.SyncRequestNumber=1
Dma.USART1_RX.1.SyncSignalID=NONE
Dma.USART1_TX.2.Direction=DMA_MEMORY_TO_PERIPH
Dma.USART1_TX.2.EventEnable=DISABLE
Dma.USART1_TX.2.FIFOMode=DMA_FIFOMODE_DISABLE
Dma.USART1_TX.2.Instance=DMA1_Stream2
Dma.USART1_TX.2.MemDataAlignment=DMA_MDATAALIGN_BYTE
Dma.USART1_TX.2.MemInc=DMA_MINC_ENABLE
Dma.USART1_TX.2.Mode=DMA_NORMAL
Dma.USART1_TX.2.PeriphDataAlignment=DMA_PDATAALIGN_BYTE
Dma.USART1_TX.2.PeriphInc=DMA_PINC_DISABLE
Dma.USART1_TX.2.Polarity=HAL_DMAMUX_REQ_GEN_RISING
Dma.USART1_TX.2.Priority=DMA_PRIORITY_LOW
Dma.USART1_TX.2.RequestNumber=1
Dma.USART1_TX.2.RequestParameters=Instance,Direction,PeriphInc,MemInc,PeriphDataAlignment,MemDataAlignment,Mode,Priority,FIFOMode,SignalID,Polarity,RequestNumber,SyncSignalID,SyncPolarity,SyncEnable,EventEnable,SyncRequestNumber
Dma.USART1_TX.2.SignalID=NONE
Dma.USART1_TX.2.SyncEnable=DISABLE
Dma.USART1_TX.2.SyncPolarity=HAL_DMAMUX_SYNC_NO_EVENT
Dma.USART1_TX.2.SyncRequestNumber=1
Dma.USART1_TX.2.SyncSignalID=NONE
Dma.USART2_RX.3.Direction=DMA_PERIPH_TO_MEMORY
Dma.USART2_RX.3.EventEnable=DISABLE
Dma.USART2_RX.3.FIFOMode=DMA_FIFOMODE_DISABLE
Dma.USART2_RX.3.Instance=DMA1_Stream3
Dma.USART2_RX.3.MemDataAlignment=DMA_MDATAALIGN_BYTE
Dma.USART2_RX.3.MemInc=DMA_MINC_ENABLE
Dma.USART2_RX.3.Mode=DMA_NORMAL
Dma.USART2_RX.3.PeriphDataAlignment=DMA_PDATAALIGN_BYTE
Dma.USART2_RX.3.PeriphInc=DMA_PINC_DISABLE
Dma.USART2_RX.3.Polarity=HAL_DMAMUX_REQ_GEN_RISING
Dma.USART2_RX.3.Priority=DMA_PRIORITY_VERY_HIGH
Dma.USART2_RX.3.RequestNumber=1
Dma.USART2_RX.3.RequestParameters=Instance,Direction,PeriphInc,MemInc,PeriphDataAlignment,MemDataAlignment,Mode,Priority,FIFOMode,SignalID,Polarity,RequestNumber,SyncSignalID,SyncPolarity,SyncEnable,EventEnable,SyncRequestNumber
Dma.USART2_RX.3.SignalID=NONE
Dma.USART2_RX.3.SyncEnable=DISABLE
Dma.USART2_RX.3.SyncPolarity=HAL_DMAMUX_SYNC_NO_EVENT
Dma.USART2_RX.3.SyncRequestNumber=1
Dma.USART2_RX.3.SyncSignalID=NONE
Dma.USART2_TX.4.Direction=DMA_MEMORY_TO_PERIPH
Dma.USART2_TX.4.EventEnable=DISABLE
Dma.USART2_TX.4.FIFOMode=DMA_FIFOMODE_DISABLE
Dma.USART2_TX.4.Instance=DMA1_Stream4
Dma.USART2_TX.4.MemDataAlignment=DMA_MDATAALIGN_BYTE
Dma.USART2_TX.4.MemInc=DMA_MINC_ENABLE
Dma.USART2_TX.4.Mode=DMA_NORMAL
Dma.USART2_TX.4.PeriphDataAlignment=DMA_PDATAALIGN_BYTE
Dma.USART2_TX.4.PeriphInc=DMA_PINC_DISABLE
Dma.USART2_TX.4.Polarity=HAL_DMAMUX_REQ_GEN_RISING
Dma.USART2_TX.4.Priority=DMA_PRIORITY_VERY_HIGH
Dma.USART2_TX.4.RequestNumber=1
Dma.USART2_TX.4.RequestParameters=Instance,Direction,PeriphInc,MemInc,PeriphDataAlignment,MemDataAlignment,Mode,Priority,FIFOMode,SignalID,Polarity,RequestNumber,SyncSignalID,SyncPolarity,SyncEnable,EventEnable,SyncRequestNumber
Dma.USART2_TX.4.SignalID=NONE
Dma.USART2_TX.4.SyncEnable=DISABLE
Dma.USART2_TX.4.SyncPolarity=HAL_DMAMUX_SYNC_NO_EVENT
Dma.USART2_TX.4.SyncRequestNumber=1
Dma.USART2_TX.4.SyncSignalID=NONE
Dma.USART3_RX.6.Direction=DMA_PERIPH_TO_MEMORY
Dma.USART3_RX.6.EventEnable=DISABLE
Dma.USART3_RX.6.FIFOMode=DMA_FIFOMODE_DISABLE
Dma.USART3_RX.6.Instance=DMA1_Stream6
Dma.USART3_RX.6.MemDataAlignment=DMA_MDATAALIGN_BYTE
Dma.USART3_RX.6.MemInc=DMA_MINC_ENABLE
Dma.USART3_RX.6.Mode=DMA_NORMAL
Dma.USART3_RX.6.PeriphDataAlignment=DMA_PDATAALIGN_BYTE
Dma.USART3_RX.6.PeriphInc=DMA_PINC_DISABLE
Dma.USART3_RX.6.Polarity=HAL_DMAMUX_REQ_GEN_RISING
Dma.USART3_RX.6.Priority=DMA_PRIORITY_VERY_HIGH
Dma.USART3_RX.6.RequestNumber=1
Dma.USART3_RX.6.RequestParameters=Instance,Direction,PeriphInc,MemInc,PeriphDataAlignment,MemDataAlignment,Mode,Priority,FIFOMode,SignalID,Polarity,RequestNumber,SyncSignalID,SyncPolarity,SyncEnable,EventEnable,SyncRequestNumber
Dma.USART3_RX.6.SignalID=NONE
Dma.USART3_RX.6.SyncEnable=DISABLE
Dma.USART3_RX.6.SyncPolarity=HAL_DMAMUX_SYNC_NO_EVENT
Dma.USART3_RX.6.SyncRequestNumber=1
Dma.USART3_RX.6.SyncSignalID=NONE
Dma.USART3_TX.7.Direction=DMA_MEMORY_TO_PERIPH
Dma.USART3_TX.7.EventEnable=DISABLE
Dma.USART3_TX.7.FIFOMode=DMA_FIFOMODE_DISABLE
Dma.USART3_TX.7.Instance=DMA1_Stream7
Dma.USART3_TX.7.MemDataAlignment=DMA_MDATAALIGN_BYTE
Dma.USART3_TX.7.MemInc=DMA_MINC_ENABLE
Dma.USART3_TX.7.Mode=DMA_NORMAL
Dma.USART3_TX.7.PeriphDataAlignment=DMA_PDATAALIGN_BYTE
Dma.USART3_TX.7.PeriphInc=DMA_PINC_DISABLE
Dma.USART3_TX.7.Polarity=HAL_DMAMUX_REQ_GEN_RISING
Dma.USART3_TX.7.Priority=DMA_PRIORITY_VERY_HIGH
Dma.USART3_TX.7.RequestNumber=1
Dma.USART3_TX.7.RequestParameters=Instance,Direction,PeriphInc,MemInc,PeriphDataAlignment,MemDataAlignment,Mode,Priority,FIFOMode,SignalID,Polarity,RequestNumber,SyncSignalID,SyncPolarity,SyncEnable,EventEnable,SyncRequestNumber
Dma.USART3_TX.7.SignalID=NONE
Dma.USART3_TX.7.SyncEnable=DISABLE
Dma.USART3_TX.7.SyncPolarity=HAL_DMAMUX_SYNC_NO_EVENT
Dma.USART3_TX.7.SyncRequestNumber=1
Dma.USART3_TX.7.SyncSignalID=NONE
FDCAN1.CalculateBaudRateNominal=1000000
FDCAN1.CalculateTimeBitNominal=1000
FDCAN1.CalculateTimeQuantumNominal=10.416666666666666
FDCAN1.ClockCalibrationCCU=DISABLE
FDCAN1.IPParameters=CalculateTimeQuantumNominal,CalculateTimeBitNominal,CalculateBaudRateNominal,RxFifo0ElmtsNbr,TxFifoQueueElmtsNbr,NominalPrescaler,NominalTimeSeg1,NominalTimeSeg2,ClockCalibrationCCU
FDCAN1.NominalPrescaler=1
FDCAN1.NominalTimeSeg1=63
FDCAN1.NominalTimeSeg2=32
FDCAN1.RxFifo0ElmtsNbr=32
FDCAN1.TxFifoQueueElmtsNbr=16
FDCAN2.CalculateBaudRateNominal=1000000
FDCAN2.CalculateTimeBitNominal=1000
FDCAN2.CalculateTimeQuantumNominal=10.416666666666666
FDCAN2.IPParameters=CalculateTimeQuantumNominal,CalculateTimeBitNominal,CalculateBaudRateNominal,NominalPrescaler,NominalTimeSeg1,NominalTimeSeg2,RxFifo0ElmtsNbr,TxFifoQueueElmtsNbr
FDCAN2.NominalPrescaler=1
FDCAN2.NominalTimeSeg1=63
FDCAN2.NominalTimeSeg2=32
FDCAN2.RxFifo0ElmtsNbr=32
FDCAN2.TxFifoQueueElmtsNbr=16
FREERTOS.FootprintOK=true
FREERTOS.IPParameters=Tasks01,configENABLE_FPU,configUSE_TIMERS,Timers01,configUSE_IDLE_HOOK,FootprintOK,configTOTAL_HEAP_SIZE
FREERTOS.Tasks01=defaultTask,24,128,StartDefaultTask,Default,NULL,Dynamic,NULL,NULL;myTaskLED,24,128,StartTaskLED,As weak,NULL,Dynamic,NULL,NULL
FREERTOS.Timers01=testTimer,TestTimerCallback,osTimerPeriodic,As weak,NULL,Dynamic,NULL
FREERTOS.configENABLE_FPU=1
FREERTOS.configTOTAL_HEAP_SIZE=102400
FREERTOS.configUSE_IDLE_HOOK=1
FREERTOS.configUSE_TIMERS=1
File.Version=6
GPIO.groupedBy=Group By Peripherals
KeepUserPlacement=false
Mcu.CPN=STM32H723VGT6
Mcu.Family=STM32H7
Mcu.IP0=ADC1
Mcu.IP1=CORTEX_M7
Mcu.IP10=SPI2
Mcu.IP11=SYS
Mcu.IP12=TIM1
Mcu.IP13=TIM2
Mcu.IP14=TIM3
Mcu.IP15=TIM8
Mcu.IP16=TIM15
Mcu.IP17=TIM16
Mcu.IP18=UART4
Mcu.IP19=USART1
Mcu.IP2=DEBUG
Mcu.IP20=USART2
Mcu.IP21=USART3
Mcu.IP22=USB_DEVICE
Mcu.IP23=USB_OTG_HS
Mcu.IP24=VREFBUF
Mcu.IP3=DMA
Mcu.IP4=FDCAN1
Mcu.IP5=FDCAN2
Mcu.IP6=FREERTOS
Mcu.IP7=NVIC
Mcu.IP8=OCTOSPI1
Mcu.IP9=RCC
Mcu.IPNb=25
Mcu.Name=STM32H723VGTx
Mcu.Package=LQFP100
Mcu.Pin0=PE2
Mcu.Pin1=PH0-OSC_IN
Mcu.Pin10=PB0
Mcu.Pin11=PB2
Mcu.Pin12=PE10
Mcu.Pin13=PB10
Mcu.Pin14=PB11
Mcu.Pin15=PB12
Mcu.Pin16=PB13
Mcu.Pin17=PB14
Mcu.Pin18=PB15
Mcu.Pin19=PD8
Mcu.Pin2=PC0
Mcu.Pin20=PD9
Mcu.Pin21=PD11
Mcu.Pin22=PD12
Mcu.Pin23=PD13
Mcu.Pin24=PD14
Mcu.Pin25=PD15
Mcu.Pin26=PC6
Mcu.Pin27=PC7
Mcu.Pin28=PA9
Mcu.Pin29=PA11
Mcu.Pin3=PC1
Mcu.Pin30=PA12
Mcu.Pin31=PA13(JTMS/SWDIO)
Mcu.Pin32=PA14(JTCK/SWCLK)
Mcu.Pin33=PC10
Mcu.Pin34=PC11
Mcu.Pin35=PD0
Mcu.Pin36=PD1
Mcu.Pin37=PD3
Mcu.Pin38=PD7
Mcu.Pin39=PB8
Mcu.Pin4=PC2_C
Mcu.Pin40=PB9
Mcu.Pin41=PE0
Mcu.Pin42=PE1
Mcu.Pin43=VP_FREERTOS_VS_CMSIS_V2
Mcu.Pin44=VP_OCTOSPI1_VS_quad
Mcu.Pin45=VP_SYS_VS_tim6
Mcu.Pin46=VP_TIM1_VS_ClockSourceINT
Mcu.Pin47=VP_TIM2_VS_ClockSourceINT
Mcu.Pin48=VP_TIM3_VS_ClockSourceINT
Mcu.Pin49=VP_TIM8_VS_ClockSourceINT
Mcu.Pin5=PC3_C
Mcu.Pin50=VP_TIM15_VS_ClockSourceINT
Mcu.Pin51=VP_TIM16_VS_ClockSourceINT
Mcu.Pin52=VP_USB_DEVICE_VS_USB_DEVICE_CDC_HS
Mcu.Pin53=VP_VREFBUF_V_VREFBUF
Mcu.Pin6=PA0
Mcu.Pin7=PA1
Mcu.Pin8=PA2
Mcu.Pin9=PA3
Mcu.PinsNb=54
Mcu.ThirdPartyNb=0
Mcu.UserConstants=
Mcu.UserName=STM32H723VGTx
MxCube.Version=6.10.0
MxDb.Version=DB.6.0.100
NVIC.ADC_IRQn=true\:5\:0\:false\:false\:true\:true\:true\:true\:true
NVIC.BusFault_IRQn=true\:0\:0\:false\:false\:true\:false\:false\:false\:false
NVIC.DMA1_Stream0_IRQn=true\:5\:0\:false\:false\:true\:true\:false\:true\:true
NVIC.DMA1_Stream1_IRQn=true\:5\:0\:false\:false\:true\:true\:false\:true\:true
NVIC.DMA1_Stream2_IRQn=true\:5\:0\:false\:false\:true\:true\:false\:true\:true
NVIC.DMA1_Stream3_IRQn=true\:5\:0\:false\:false\:true\:true\:false\:true\:true
NVIC.DMA1_Stream4_IRQn=true\:5\:0\:false\:false\:true\:true\:false\:true\:true
NVIC.DMA1_Stream5_IRQn=true\:5\:0\:false\:false\:true\:true\:false\:true\:true
NVIC.DMA1_Stream6_IRQn=true\:5\:0\:false\:false\:true\:true\:false\:true\:true
NVIC.DMA1_Stream7_IRQn=true\:5\:0\:false\:false\:true\:true\:false\:true\:true
NVIC.DebugMonitor_IRQn=true\:0\:0\:false\:false\:true\:false\:false\:false\:false
NVIC.FDCAN1_IT0_IRQn=true\:5\:0\:true\:false\:true\:true\:true\:true\:true
NVIC.FDCAN1_IT1_IRQn=true\:5\:0\:false\:false\:true\:true\:true\:true\:true
NVIC.FDCAN2_IT0_IRQn=true\:5\:0\:false\:false\:true\:true\:true\:true\:true
NVIC.FDCAN2_IT1_IRQn=true\:5\:0\:false\:false\:true\:true\:true\:true\:true
NVIC.ForceEnableDMAVector=true
NVIC.HardFault_IRQn=true\:0\:0\:false\:false\:true\:false\:false\:false\:false
NVIC.MemoryManagement_IRQn=true\:0\:0\:false\:false\:true\:false\:false\:false\:false
NVIC.NonMaskableInt_IRQn=true\:0\:0\:false\:false\:true\:false\:false\:false\:false
NVIC.OTG_HS_IRQn=true\:5\:0\:false\:false\:true\:true\:false\:true\:true
NVIC.PendSV_IRQn=true\:15\:0\:false\:false\:false\:true\:false\:false\:false
NVIC.PriorityGroup=NVIC_PRIORITYGROUP_4
NVIC.SVCall_IRQn=true\:0\:0\:false\:false\:false\:false\:false\:false\:false
NVIC.SavedPendsvIrqHandlerGenerated=true
NVIC.SavedSvcallIrqHandlerGenerated=true
NVIC.SavedSystickIrqHandlerGenerated=true
NVIC.SysTick_IRQn=true\:15\:0\:true\:false\:false\:true\:false\:true\:false
NVIC.TIM1_BRK_IRQn=true\:5\:0\:false\:false\:true\:true\:true\:true\:true
NVIC.TIM1_CC_IRQn=true\:5\:0\:false\:false\:true\:true\:true\:true\:true
NVIC.TIM1_UP_IRQn=true\:5\:0\:false\:false\:true\:true\:true\:true\:true
NVIC.TIM2_IRQn=true\:5\:0\:false\:false\:true\:true\:true\:true\:true
NVIC.TIM3_IRQn=true\:5\:0\:false\:false\:true\:true\:true\:true\:true
NVIC.TIM6_DAC_IRQn=true\:15\:0\:false\:false\:true\:false\:false\:true\:true
NVIC.TimeBase=TIM6_DAC_IRQn
NVIC.TimeBaseIP=TIM6
NVIC.UART4_IRQn=true\:5\:0\:false\:false\:true\:true\:true\:true\:true
NVIC.USART1_IRQn=true\:5\:0\:false\:false\:true\:true\:true\:true\:true
NVIC.USART2_IRQn=true\:5\:0\:false\:false\:true\:true\:true\:true\:true
NVIC.USART3_IRQn=true\:5\:0\:false\:false\:true\:true\:true\:true\:true
NVIC.UsageFault_IRQn=true\:0\:0\:false\:false\:true\:false\:false\:false\:false
OCTOSPI1.ChipSelectBoundary=8
OCTOSPI1.ChipSelectHighTime=6
OCTOSPI1.ClockMode=HAL_OSPI_CLOCK_MODE_0
OCTOSPI1.ClockPrescaler=2
OCTOSPI1.FifoThreshold=24
OCTOSPI1.IPParameters=FifoThreshold,ClockMode,ClockPrescaler,MemoryType,ChipSelectHighTime,SampleShifting,ChipSelectBoundary
OCTOSPI1.MemoryType=HAL_OSPI_MEMTYPE_MACRONIX
OCTOSPI1.SampleShifting=HAL_OSPI_SAMPLE_SHIFTING_HALFCYCLE
PA0.Mode=Asynchronous
PA0.Signal=UART4_TX
PA1.Mode=Hardware Flow Control (RS485)
PA1.Signal=USART2_DE
PA11.Locked=true
PA11.Mode=Device_Only_FS
PA11.Signal=USB_OTG_HS_DM
PA12.Locked=true
PA12.Mode=Device_Only_FS
PA12.Signal=USB_OTG_HS_DP
PA13(JTMS/SWDIO).Mode=Serial_Wire
PA13(JTMS/SWDIO).Signal=DEBUG_JTMS-SWDIO
PA14(JTCK/SWCLK).Mode=Serial_Wire
PA14(JTCK/SWCLK).Signal=DEBUG_JTCK-SWCLK
PA2.Mode=Asynchronous
PA2.Signal=USART2_TX
PA3.Mode=Asynchronous
PA3.Signal=USART2_RX
PA9.Mode=Activate_VBUS_FS
PA9.Signal=USB_OTG_HS_VBUS
PB0.Locked=true
PB0.Signal=ADCx_INP9
PB10.Locked=true
PB10.Mode=OCTOSPI1_Port1_NCS
PB10.Signal=OCTOSPIM_P1_NCS
PB11.Locked=true
PB11.Signal=GPIO_Output
PB12.Mode=FDCAN_Activate
PB12.Signal=FDCAN2_RX
PB13.Mode=FDCAN_Activate
PB13.Signal=FDCAN2_TX
PB14.GPIOParameters=GPIO_Speed,GPIO_PuPd
PB14.GPIO_PuPd=GPIO_NOPULL
PB14.GPIO_Speed=GPIO_SPEED_FREQ_VERY_HIGH
PB14.Mode=Asynchronous
PB14.Signal=USART1_TX
PB15.GPIOParameters=GPIO_Speed,GPIO_PuPd
PB15.GPIO_PuPd=GPIO_NOPULL
PB15.GPIO_Speed=GPIO_SPEED_FREQ_VERY_HIGH
PB15.Mode=Asynchronous
PB15.Signal=USART1_RX
PB2.Locked=true
PB2.Mode=O1_P1_CLK
PB2.Signal=OCTOSPIM_P1_CLK
PB8.Locked=true
PB8.Signal=S_TIM16_CH1
PB9.Locked=true
PB9.Signal=GPIO_Output
PC0.Locked=true
PC0.Signal=ADCx_INP10
PC1.Locked=true
PC1.Signal=ADCx_INP11
PC10.Locked=true
PC10.Mode=OCTOSPI1_IOL_Port1L
PC10.Signal=OCTOSPIM_P1_IO1
PC11.Locked=true
PC11.Mode=Asynchronous
PC11.Signal=UART4_RX
PC2_C.Locked=true
PC2_C.Mode=Full_Duplex_Master
PC2_C.Signal=SPI2_MISO
PC3_C.Locked=true
PC3_C.Mode=Full_Duplex_Master
PC3_C.Signal=SPI2_MOSI
PC6.Signal=S_TIM8_CH1
PC7.GPIOParameters=PinState
PC7.Locked=true
PC7.PinState=GPIO_PIN_SET
PC7.Signal=GPIO_Output
PD0.Mode=FDCAN_Activate
PD0.Signal=FDCAN1_RX
PD1.Locked=true
PD1.Mode=FDCAN_Activate
PD1.Signal=FDCAN1_TX
PD11.Locked=true
PD11.Mode=OCTOSPI1_IOL_Port1L
PD11.Signal=OCTOSPIM_P1_IO0
PD12.Locked=true
PD12.Mode=Hardware Flow Control (RS485)
PD12.Signal=USART3_DE
PD13.Locked=true
PD13.Mode=OCTOSPI1_IOL_Port1L
PD13.Signal=OCTOSPIM_P1_IO3
PD14.GPIOParameters=PinState
PD14.Locked=true
PD14.PinState=GPIO_PIN_SET
PD14.Signal=GPIO_Output
PD15.GPIOParameters=PinState
PD15.Locked=true
PD15.PinState=GPIO_PIN_SET
PD15.Signal=GPIO_Output
PD3.Locked=true
PD3.Mode=Full_Duplex_Master
PD3.Signal=SPI2_SCK
PD7.Locked=true
PD7.Signal=GPIO_Output
PD8.Locked=true
PD8.Mode=Asynchronous
PD8.Signal=USART3_TX
PD9.Locked=true
PD9.Mode=Asynchronous
PD9.Signal=USART3_RX
PE0.Locked=true
PE0.Signal=GPXTI0
PE1.Locked=true
PE1.Signal=GPXTI1
PE10.Locked=true
PE10.Signal=GPIO_Output
PE2.Locked=true
PE2.Mode=OCTOSPI1_IOL_Port1L
PE2.Signal=OCTOSPIM_P1_IO2
PH0-OSC_IN.Mode=HSE-External-Clock-Source
PH0-OSC_IN.Signal=RCC_OSC_IN
PinOutPanel.RotationAngle=0
ProjectManager.AskForMigrate=true
ProjectManager.BackupPrevious=false
ProjectManager.CompilerOptimize=6
ProjectManager.ComputerToolchain=false
ProjectManager.CoupleFile=true
ProjectManager.CustomerFirmwarePackage=
ProjectManager.DefaultFWLocation=true
ProjectManager.DeletePrevious=true
ProjectManager.DeviceId=STM32H723VGTx
ProjectManager.FirmwarePackage=STM32Cube FW_H7 V1.11.1
ProjectManager.FreePins=true
ProjectManager.HalAssertFull=false
ProjectManager.HeapSize=0x19000
ProjectManager.KeepUserCode=true
ProjectManager.LastFirmware=true
ProjectManager.LibraryCopy=1
ProjectManager.MainLocation=Core/Src
ProjectManager.NoMain=false
ProjectManager.PreviousToolchain=STM32CubeIDE
ProjectManager.ProjectBuild=false
ProjectManager.ProjectFileName=build_template.ioc
ProjectManager.ProjectName=build_template
ProjectManager.ProjectStructure=
ProjectManager.RegisterCallBack=
ProjectManager.StackSize=0x19000
ProjectManager.TargetToolchain=STM32CubeIDE
ProjectManager.ToolChainLocation=
ProjectManager.UAScriptAfterPath=
ProjectManager.UAScriptBeforePath=
ProjectManager.UnderRoot=true
ProjectManager.functionlistsort=1-SystemClock_Config-RCC-false-HAL-false,2-MX_GPIO_Init-GPIO-false-HAL-true,3-MX_DMA_Init-DMA-false-HAL-true,4-MX_ADC1_Init-ADC1-false-HAL-true,5-MX_TIM15_Init-TIM15-false-HAL-true,6-MX_FDCAN1_Init-FDCAN1-false-HAL-true,7-MX_SPI2_Init-SPI2-false-HAL-true,8-MX_TIM8_Init-TIM8-false-HAL-true,9-MX_OCTOSPI1_Init-OCTOSPI1-false-HAL-true,10-MX_TIM16_Init-TIM16-false-HAL-true,11-MX_USART1_UART_Init-USART1-false-HAL-true,12-MX_USART2_UART_Init-USART2-false-HAL-true,13-MX_USART3_UART_Init-USART3-false-HAL-true,14-MX_USB_DEVICE_Init-USB_DEVICE-false-HAL-false,15-MX_FDCAN2_Init-FDCAN2-false-HAL-true,16-MX_UART4_Init-UART4-false-HAL-true,17-MX_TIM1_Init-TIM1-false-HAL-true,18-MX_TIM2_Init-TIM2-false-HAL-true,19-MX_TIM3_Init-TIM3-false-HAL-true,0-MX_CORTEX_M7_Init-CORTEX_M7-false-HAL-true,0-MX_VREFBUF_Init-VREFBUF-false-HAL-true
RCC.ADCFreq_Value=12800000
RCC.AHB12Freq_Value=275000000
RCC.AHB4Freq_Value=275000000
RCC.APB1Freq_Value=137500000
RCC.APB2Freq_Value=137500000
RCC.APB3Freq_Value=137500000
RCC.APB4Freq_Value=137500000
RCC.AXIClockFreq_Value=275000000
RCC.CECFreq_Value=32000
RCC.CKPERFreq_Value=64000000
RCC.CortexFreq_Value=550000000
RCC.CpuClockFreq_Value=550000000
RCC.D1CPREFreq_Value=550000000
RCC.D1PPRE=RCC_APB3_DIV2
RCC.D2PPRE1=RCC_APB1_DIV2
RCC.D2PPRE2=RCC_APB2_DIV2
RCC.D3PPRE=RCC_APB4_DIV2
RCC.DFSDMACLkFreq_Value=110000000
RCC.DFSDMFreq_Value=137500000
RCC.DIVM1=1
RCC.DIVM2=1
RCC.DIVM3=1
RCC.DIVN1=68
RCC.DIVN2=24
RCC.DIVN3=24
RCC.DIVP1=1
RCC.DIVP1Freq_Value=550000000
RCC.DIVP2=15
RCC.DIVP2Freq_Value=12800000
RCC.DIVP3Freq_Value=96000000
RCC.DIVQ1=5
RCC.DIVQ1Freq_Value=110000000
RCC.DIVQ2Freq_Value=96000000
RCC.DIVQ3=4
RCC.DIVQ3Freq_Value=48000000
RCC.DIVR1Freq_Value=275000000
RCC.DIVR2Freq_Value=96000000
RCC.DIVR3Freq_Value=96000000
RCC.FDCANCLockSelection=RCC_FDCANCLKSOURCE_PLL2
RCC.FDCANFreq_Value=96000000
RCC.FMCFreq_Value=275000000
RCC.FamilyName=M
RCC.HCLK3ClockFreq_Value=275000000
RCC.HCLKFreq_Value=275000000
RCC.HPRE=RCC_HCLK_DIV2
RCC.HSE_VALUE=8000000
RCC.I2C123Freq_Value=137500000
RCC.I2C4Freq_Value=137500000
RCC.IPParameters=ADCFreq_Value,AHB12Freq_Value,AHB4Freq_Value,APB1Freq_Value,APB2Freq_Value,APB3Freq_Value,APB4Freq_Value,AXIClockFreq_Value,CECFreq_Value,CKPERFreq_Value,CortexFreq_Value,CpuClockFreq_Value,D1CPREFreq_Value,D1PPRE,D2PPRE1,D2PPRE2,D3PPRE,DFSDMACLkFreq_Value,DFSDMFreq_Value,DIVM1,DIVM2,DIVM3,DIVN1,DIVN2,DIVN3,DIVP1,DIVP1Freq_Value,DIVP2,DIVP2Freq_Value,DIVP3Freq_Value,DIVQ1,DIVQ1Freq_Value,DIVQ2Freq_Value,DIVQ3,DIVQ3Freq_Value,DIVR1Freq_Value,DIVR2Freq_Value,DIVR3Freq_Value,FDCANCLockSelection,FDCANFreq_Value,FMCFreq_Value,FamilyName,HCLK3ClockFreq_Value,HCLKFreq_Value,HPRE,HSE_VALUE,I2C123Freq_Value,I2C4Freq_Value,LPTIM1Freq_Value,LPTIM2Freq_Value,LPTIM345Freq_Value,LPUART1Freq_Value,LTDCFreq_Value,MCO1PinFreq_Value,MCO2PinFreq_Value,PLL2FRACN,PLL3FRACN,PLLFRACN,PLLSourceVirtual,QSPIFreq_Value,RNGFreq_Value,RTCFreq_Value,SAI1Freq_Value,SAI4AFreq_Value,SAI4BFreq_Value,SDMMCFreq_Value,SPDIFRXFreq_Value,SPI123CLockSelection,SPI123Freq_Value,SPI45Freq_Value,SPI6Freq_Value,SWPMI1Freq_Value,SYSCLKFreq_VALUE,SYSCLKSource,Tim1OutputFreq_Value,Tim2OutputFreq_Value,TraceFreq_Value,USART16Freq_Value,USART234578Freq_Value,USBCLockSelection,USBFreq_Value,VCO1OutputFreq_Value,VCO2OutputFreq_Value,VCO3OutputFreq_Value,VCOInput1Freq_Value,VCOInput2Freq_Value,VCOInput3Freq_Value
RCC.LPTIM1Freq_Value=137500000
RCC.LPTIM2Freq_Value=137500000
RCC.LPTIM345Freq_Value=137500000
RCC.LPUART1Freq_Value=137500000
RCC.LTDCFreq_Value=96000000
RCC.MCO1PinFreq_Value=64000000
RCC.MCO2PinFreq_Value=550000000
RCC.PLL2FRACN=0
RCC.PLL3FRACN=0
RCC.PLLFRACN=6144
RCC.PLLSourceVirtual=RCC_PLLSOURCE_HSE
RCC.QSPIFreq_Value=275000000
RCC.RNGFreq_Value=48000000
RCC.RTCFreq_Value=32000
RCC.SAI1Freq_Value=110000000
RCC.SAI4AFreq_Value=110000000
RCC.SAI4BFreq_Value=110000000
RCC.SDMMCFreq_Value=110000000
RCC.SPDIFRXFreq_Value=110000000
RCC.SPI123CLockSelection=RCC_SPI123CLKSOURCE_PLL3
RCC.SPI123Freq_Value=96000000
RCC.SPI45Freq_Value=137500000
RCC.SPI6Freq_Value=137500000
RCC.SWPMI1Freq_Value=137500000
RCC.SYSCLKFreq_VALUE=550000000
RCC.SYSCLKSource=RCC_SYSCLKSOURCE_PLLCLK
RCC.Tim1OutputFreq_Value=275000000
RCC.Tim2OutputFreq_Value=275000000
RCC.TraceFreq_Value=275000000
RCC.USART16Freq_Value=137500000
RCC.USART234578Freq_Value=137500000
RCC.USBCLockSelection=RCC_USBCLKSOURCE_PLL3
RCC.USBFreq_Value=48000000
RCC.VCO1OutputFreq_Value=550000000
RCC.VCO2OutputFreq_Value=192000000
RCC.VCO3OutputFreq_Value=192000000
RCC.VCOInput1Freq_Value=8000000
RCC.VCOInput2Freq_Value=8000000
RCC.VCOInput3Freq_Value=8000000
SH.ADCx_INP10.0=ADC1_INP10,IN10-Single-Ended
SH.ADCx_INP10.ConfNb=1
SH.ADCx_INP11.0=ADC1_INP11,IN11-Single-Ended
SH.ADCx_INP11.ConfNb=1
SH.ADCx_INP9.0=ADC1_INP9,IN9-Single-Ended
SH.ADCx_INP9.ConfNb=1
SH.GPXTI0.0=GPIO_EXTI0
SH.GPXTI0.ConfNb=1
SH.GPXTI1.0=GPIO_EXTI1
SH.GPXTI1.ConfNb=1
SH.S_TIM16_CH1.0=TIM16_CH1,PWM Generation1 CH1
SH.S_TIM16_CH1.ConfNb=1
SH.S_TIM8_CH1.0=TIM8_CH1,PWM Generation1 CH1
SH.S_TIM8_CH1.ConfNb=1
SPI2.BaudRatePrescaler=SPI_BAUDRATEPRESCALER_4
SPI2.CalculateBaudRate=24.0 MBits/s
SPI2.DataSize=SPI_DATASIZE_8BIT
SPI2.Direction=SPI_DIRECTION_2LINES
SPI2.IPParameters=VirtualType,Mode,Direction,CalculateBaudRate,DataSize,BaudRatePrescaler,NSSPMode,MasterKeepIOState
SPI2.MasterKeepIOState=SPI_MASTER_KEEP_IO_STATE_DISABLE
SPI2.Mode=SPI_MODE_MASTER
SPI2.NSSPMode=SPI_NSS_PULSE_DISABLE
SPI2.VirtualType=VM_MASTER
TIM1.IPParameters=Prescaler,Period
TIM1.Period=999
TIM1.Prescaler=274
TIM15.AutoReloadPreload=TIM_AUTORELOAD_PRELOAD_ENABLE
TIM15.IPParameters=Prescaler,Period,AutoReloadPreload,TIM_MasterOutputTrigger
TIM15.Period=10000-1
TIM15.Prescaler=1355-1
TIM15.TIM_MasterOutputTrigger=TIM_TRGO_UPDATE
TIM16.AutoReloadPreload=TIM_AUTORELOAD_PRELOAD_ENABLE
TIM16.Channel=TIM_CHANNEL_1
TIM16.IPParameters=Channel,Prescaler,AutoReloadPreload,Period,Pulse
TIM16.Period=100-1
TIM16.Prescaler=100-1
TIM16.Pulse=10
TIM2.AutoReloadPreload=TIM_AUTORELOAD_PRELOAD_ENABLE
TIM2.IPParameters=Prescaler,Period,AutoReloadPreload
TIM2.Period=99999
TIM2.Prescaler=2749
TIM3.AutoReloadPreload=TIM_AUTORELOAD_PRELOAD_ENABLE
TIM3.IPParameters=Prescaler,Period,AutoReloadPreload
TIM3.Period=499
TIM3.Prescaler=274
TIM8.AutoReloadPreload=TIM_AUTORELOAD_PRELOAD_ENABLE
TIM8.Channel-PWM\ Generation1\ CH1=TIM_CHANNEL_1
TIM8.IPParameters=Channel-PWM Generation1 CH1,Prescaler,Period,Pulse-PWM Generation1 CH1,AutoReloadPreload
TIM8.Period=1000-1
TIM8.Prescaler=275-1
TIM8.Pulse-PWM\ Generation1\ CH1=800-1
UART4.BaudRate=100000
UART4.DMADisableonRxErrorParam=UART_ADVFEATURE_DMA_DISABLEONRXERROR
UART4.IPParameters=BaudRate,WordLength,Parity,DMADisableonRxErrorParam,OverrunDisableParam,RXFIFOThreshold,RxPinLevelInvertParam,Mode,OverSampling
UART4.Mode=MODE_RX
UART4.OverSampling=UART_OVERSAMPLING_8
UART4.OverrunDisableParam=UART_ADVFEATURE_OVERRUN_DISABLE
UART4.Parity=PARITY_EVEN
UART4.RXFIFOThreshold=RXFIFO_THRESHOLD_FULL
UART4.RxPinLevelInvertParam=UART_ADVFEATURE_RXINV_ENABLE
UART4.WordLength=WORDLENGTH_9B
USART1.BaudRate=115200
USART1.IPParameters=VirtualMode-Asynchronous,BaudRate,OverrunDisableParam
USART1.OverrunDisableParam=ADVFEATURE_OVERRUN_DISABLE
USART1.VirtualMode-Asynchronous=VM_ASYNC
USART2.BaudRate=4800000
USART2.DMADisableonRxErrorParam=ADVFEATURE_DMA_DISABLEONRXERROR
USART2.IPParameters=VirtualMode-Asynchronous,BaudRate,VirtualMode-Hardware Flow Control (RS485),OverrunDisableParam,DMADisableonRxErrorParam,OverSampling
USART2.OverSampling=UART_OVERSAMPLING_8
USART2.OverrunDisableParam=ADVFEATURE_OVERRUN_DISABLE
USART2.VirtualMode-Asynchronous=VM_ASYNC
USART2.VirtualMode-Hardware\ Flow\ Control\ (RS485)=VM_ASYNC
USART3.BaudRate=4800000
USART3.DMADisableonRxErrorParam=ADVFEATURE_DMA_DISABLEONRXERROR
USART3.IPParameters=VirtualMode-Asynchronous,VirtualMode-Hardware Flow Control (RS485),BaudRate,OverrunDisableParam,DMADisableonRxErrorParam,OverSampling
USART3.OverSampling=UART_OVERSAMPLING_8
USART3.OverrunDisableParam=ADVFEATURE_OVERRUN_DISABLE
USART3.VirtualMode-Asynchronous=VM_ASYNC
USART3.VirtualMode-Hardware\ Flow\ Control\ (RS485)=VM_ASYNC
USB_DEVICE.CLASS_NAME_HS=CDC
USB_DEVICE.IPParameters=VirtualMode,VirtualModeHS,CLASS_NAME_HS,MANUFACTURER_STRING,PRODUCT_STRING_CDC_HS
USB_DEVICE.MANUFACTURER_STRING=yeeeep
USB_DEVICE.PRODUCT_STRING_CDC_HS=yephaha
USB_DEVICE.VirtualMode=Cdc
USB_DEVICE.VirtualModeHS=Cdc_HS
USB_OTG_HS.IPParameters=VirtualMode-Device_Only_FS
USB_OTG_HS.VirtualMode-Device_Only_FS=Device_Only_FS
VP_FREERTOS_VS_CMSIS_V2.Mode=CMSIS_V2
VP_FREERTOS_VS_CMSIS_V2.Signal=FREERTOS_VS_CMSIS_V2
VP_OCTOSPI1_VS_quad.Mode=quad_mode
VP_OCTOSPI1_VS_quad.Signal=OCTOSPI1_VS_quad
VP_SYS_VS_tim6.Mode=TIM6
VP_SYS_VS_tim6.Signal=SYS_VS_tim6
VP_TIM15_VS_ClockSourceINT.Mode=Internal
VP_TIM15_VS_ClockSourceINT.Signal=TIM15_VS_ClockSourceINT
VP_TIM16_VS_ClockSourceINT.Mode=Enable_Timer
VP_TIM16_VS_ClockSourceINT.Signal=TIM16_VS_ClockSourceINT
VP_TIM1_VS_ClockSourceINT.Mode=Internal
VP_TIM1_VS_ClockSourceINT.Signal=TIM1_VS_ClockSourceINT
VP_TIM2_VS_ClockSourceINT.Mode=Internal
VP_TIM2_VS_ClockSourceINT.Signal=TIM2_VS_ClockSourceINT
VP_TIM3_VS_ClockSourceINT.Mode=Internal
VP_TIM3_VS_ClockSourceINT.Signal=TIM3_VS_ClockSourceINT
VP_TIM8_VS_ClockSourceINT.Mode=Internal
VP_TIM8_VS_ClockSourceINT.Signal=TIM8_VS_ClockSourceINT
VP_USB_DEVICE_VS_USB_DEVICE_CDC_HS.Mode=CDC_HS
VP_USB_DEVICE_VS_USB_DEVICE_CDC_HS.Signal=USB_DEVICE_VS_USB_DEVICE_CDC_HS
VP_VREFBUF_V_VREFBUF.Mode=ExternalMode
VP_VREFBUF_V_VREFBUF.Signal=VREFBUF_V_VREFBUF
board=custom
rtos.0.ip=FREERTOS
